
Microsoft Visual Studio Solution File, Format Version 12.00
# Visual Studio 15
VisualStudioVersion = 15.0.28307.1259
MinimumVisualStudioVersion = 10.0.40219.1
Project("{8BC9CEB8-8B4A-11D0-8D11-00A0C91BC942}") = "Replace", "Replace.vcxproj", "{62B306A5-F562-4FED-A2CD-C0678C7974C3}"
EndProject
Global
	GlobalSection(SolutionConfigurationPlatforms) = preSolution
		Debug|x64 = Debug|x64
		Debug|x86 = Debug|x86
		Release|x64 = Release|x64
		Release|x86 = Release|x86
	EndGlobalSection
	GlobalSection(ProjectConfigurationPlatforms) = postSolution
		{62B306A5-F562-4FED-A2CD-C0678C7974C3}.Debug|x64.ActiveCfg = Debug|x64
		{62B306A5-F562-4FED-A2CD-C0678C7974C3}.Debug|x64.Build.0 = Debug|x64
		{62B306A5-F562-4FED-A2CD-C0678C7974C3}.Debug|x86.ActiveCfg = Debug|Win32
		{62B306A5-F562-4FED-A2CD-C0678C7974C3}.Debug|x86.Build.0 = Debug|Win32
		{62B306A5-F562-4FED-A2CD-C0678C7974C3}.Release|x64.ActiveCfg = Release|x64
		{62B306A5-F562-4FED-A2CD-C0678C7974C3}.Release|x64.Build.0 = Release|x64
		{62B306A5-F562-4FED-A2CD-C0678C7974C3}.Release|x86.ActiveCfg = Release|Win32
		{62B306A5-F562-4FED-A2CD-C0678C7974C3}.Release|x86.Build.0 = Release|Win32
	EndGlobalSection
	GlobalSection(SolutionProperties) = preSolution
		HideSolutionNode = FALSE
	EndGlobalSection
	GlobalSection(ExtensibilityGlobals) = postSolution
		SolutionGuid = {FA463007-3E56-47B3-9262-16FEFA2A7873}
	EndGlobalSection
EndGlobal
